
Microsoft Visual Studio Solution File, Format Version 12.00
# Visual Studio 15
VisualStudioVersion = 15.0.28307.852
MinimumVisualStudioVersion = 10.0.40219.1
Project("{8BC9CEB8-8B4A-11D0-8D11-00A0C91BC942}") = "VS2017", "VS2017\VS2017.vcxproj", "{EFDEFA8C-013A-44EC-B2E0-B74A541D926E}"
EndProject
Project("{8BC9CEB8-8B4A-11D0-8D11-00A0C91BC942}") = "demoFileInfo", "demoFileInfo\demoFileInfo.vcxproj", "{0495E8F0-E942-4967-9F91-493DDC9AE046}"
EndProject
Project("{8BC9CEB8-8B4A-11D0-8D11-00A0C91BC942}") = "demoDirectory", "demoDirectory\demoDirectory.vcxproj", "{A4BEEB18-A546-4764-91BE-7D933206140B}"
EndProject
Global
	GlobalSection(SolutionConfigurationPlatforms) = preSolution
		Debug|x64 = Debug|x64
		Debug|x86 = Debug|x86
		Release|x64 = Release|x64
		Release|x86 = Release|x86
	EndGlobalSection
	GlobalSection(ProjectConfigurationPlatforms) = postSolution
		{EFDEFA8C-013A-44EC-B2E0-B74A541D926E}.Debug|x64.ActiveCfg = Debug|x64
		{EFDEFA8C-013A-44EC-B2E0-B74A541D926E}.Debug|x64.Build.0 = Debug|x64
		{EFDEFA8C-013A-44EC-B2E0-B74A541D926E}.Debug|x86.ActiveCfg = Debug|Win32
		{EFDEFA8C-013A-44EC-B2E0-B74A541D926E}.Debug|x86.Build.0 = Debug|Win32
		{EFDEFA8C-013A-44EC-B2E0-B74A541D926E}.Release|x64.ActiveCfg = Release|x64
		{EFDEFA8C-013A-44EC-B2E0-B74A541D926E}.Release|x64.Build.0 = Release|x64
		{EFDEFA8C-013A-44EC-B2E0-B74A541D926E}.Release|x86.ActiveCfg = Release|Win32
		{EFDEFA8C-013A-44EC-B2E0-B74A541D926E}.Release|x86.Build.0 = Release|Win32
		{0495E8F0-E942-4967-9F91-493DDC9AE046}.Debug|x64.ActiveCfg = Debug|x64
		{0495E8F0-E942-4967-9F91-493DDC9AE046}.Debug|x64.Build.0 = Debug|x64
		{0495E8F0-E942-4967-9F91-493DDC9AE046}.Debug|x86.ActiveCfg = Debug|Win32
		{0495E8F0-E942-4967-9F91-493DDC9AE046}.Debug|x86.Build.0 = Debug|Win32
		{0495E8F0-E942-4967-9F91-493DDC9AE046}.Release|x64.ActiveCfg = Release|x64
		{0495E8F0-E942-4967-9F91-493DDC9AE046}.Release|x64.Build.0 = Release|x64
		{0495E8F0-E942-4967-9F91-493DDC9AE046}.Release|x86.ActiveCfg = Release|Win32
		{0495E8F0-E942-4967-9F91-493DDC9AE046}.Release|x86.Build.0 = Release|Win32
		{A4BEEB18-A546-4764-91BE-7D933206140B}.Debug|x64.ActiveCfg = Debug|x64
		{A4BEEB18-A546-4764-91BE-7D933206140B}.Debug|x64.Build.0 = Debug|x64
		{A4BEEB18-A546-4764-91BE-7D933206140B}.Debug|x86.ActiveCfg = Debug|Win32
		{A4BEEB18-A546-4764-91BE-7D933206140B}.Debug|x86.Build.0 = Debug|Win32
		{A4BEEB18-A546-4764-91BE-7D933206140B}.Release|x64.ActiveCfg = Release|x64
		{A4BEEB18-A546-4764-91BE-7D933206140B}.Release|x64.Build.0 = Release|x64
		{A4BEEB18-A546-4764-91BE-7D933206140B}.Release|x86.ActiveCfg = Release|Win32
		{A4BEEB18-A546-4764-91BE-7D933206140B}.Release|x86.Build.0 = Release|Win32
	EndGlobalSection
	GlobalSection(SolutionProperties) = preSolution
		HideSolutionNode = FALSE
	EndGlobalSection
	GlobalSection(ExtensibilityGlobals) = postSolution
		SolutionGuid = {99F95414-D267-4D22-B3A8-239906416B1F}
	EndGlobalSection
EndGlobal
