
Microsoft Visual Studio Solution File, Format Version 12.00
# Visual Studio 15
VisualStudioVersion = 15.0.28307.902
MinimumVisualStudioVersion = 10.0.40219.1
Project("{8BC9CEB8-8B4A-11D0-8D11-00A0C91BC942}") = "WinAPI", "WinAPI\WinAPI.vcxproj", "{E4410D51-9213-483E-BB0E-F279F8551EAF}"
EndProject
Project("{8BC9CEB8-8B4A-11D0-8D11-00A0C91BC942}") = "Demo01", "Demo01\Demo01.vcxproj", "{2E84092D-8832-457C-8D8D-348CAB34593C}"
EndProject
Project("{8BC9CEB8-8B4A-11D0-8D11-00A0C91BC942}") = "DemoWin01", "DemoWin01\DemoWin01.vcxproj", "{D25F4E19-EF2A-4123-9C83-4E58C7CCD52F}"
EndProject
Project("{8BC9CEB8-8B4A-11D0-8D11-00A0C91BC942}") = "DemoWin02", "DemoWin02\DemoWin02.vcxproj", "{28D8BE7F-A212-4EDB-B84A-45385E60F8A1}"
EndProject
Project("{8BC9CEB8-8B4A-11D0-8D11-00A0C91BC942}") = "DemoMFC01", "DemoMFC01\DemoMFC01.vcxproj", "{7911186A-6AAE-43D5-A100-D484D4BC786C}"
EndProject
Project("{8BC9CEB8-8B4A-11D0-8D11-00A0C91BC942}") = "DemoMFC02", "DemoMFC02\DemoMFC02.vcxproj", "{B5738219-7EBB-4174-AC4F-4E9B198A9B71}"
EndProject
Project("{8BC9CEB8-8B4A-11D0-8D11-00A0C91BC942}") = "DemoMFC03", "DemoMFC03\DemoMFC03.vcxproj", "{0D73EF37-E69D-46A3-AA00-1D00EFC8FAE0}"
EndProject
Project("{8BC9CEB8-8B4A-11D0-8D11-00A0C91BC942}") = "DemoMFC04", "DemoMFC04\DemoMFC04.vcxproj", "{C250E0E3-F516-483B-B2B3-2F0DA5A6F220}"
EndProject
Project("{8BC9CEB8-8B4A-11D0-8D11-00A0C91BC942}") = "DemoMFC05", "DemoMFC05\DemoMFC05.vcxproj", "{E9F1446B-8511-425C-927A-D6BD785DB6E7}"
EndProject
Project("{8BC9CEB8-8B4A-11D0-8D11-00A0C91BC942}") = "DemoWin03", "DemoWin03\DemoWin03.vcxproj", "{81FE8515-B4F1-43DA-B682-E6C0C2E13B51}"
EndProject
Project("{8BC9CEB8-8B4A-11D0-8D11-00A0C91BC942}") = "DemoWin04", "DemoWin04\DemoWin04.vcxproj", "{AC075367-E862-4440-B692-C75BF5B180A7}"
EndProject
Project("{8BC9CEB8-8B4A-11D0-8D11-00A0C91BC942}") = "DemoWin05", "DemoWin05\DemoWin05.vcxproj", "{87324C19-F8DA-423D-9FA3-078B12A050CD}"
EndProject
Project("{8BC9CEB8-8B4A-11D0-8D11-00A0C91BC942}") = "DemoWin06", "DemoWin06\DemoWin06.vcxproj", "{F23D40A8-0414-4E99-AB2C-922BA374F7C4}"
EndProject
Project("{8BC9CEB8-8B4A-11D0-8D11-00A0C91BC942}") = "DemoMFC06", "DemoMFC06\DemoMFC06.vcxproj", "{88A3AE00-8CF3-4A97-BAFE-AF178275B0BD}"
EndProject
Project("{8BC9CEB8-8B4A-11D0-8D11-00A0C91BC942}") = "DemoWin07", "DemoWin07\DemoWin07.vcxproj", "{AD7C5300-53B7-415A-ADDC-BA7D5406C121}"
EndProject
Project("{8BC9CEB8-8B4A-11D0-8D11-00A0C91BC942}") = "DemoWin08", "DemoWin08\DemoWin08.vcxproj", "{D7460121-72E0-4323-AC7D-1614F8083B04}"
EndProject
Project("{8BC9CEB8-8B4A-11D0-8D11-00A0C91BC942}") = "DemoWin09", "DemoWin09\DemoWin09.vcxproj", "{CE40034A-AD4F-4817-8531-A98C12FC7127}"
EndProject
Project("{8BC9CEB8-8B4A-11D0-8D11-00A0C91BC942}") = "DemoWin10", "DemoWin10\DemoWin10.vcxproj", "{DF3158AB-DC1D-46CB-A49C-79EB5E63EAFF}"
EndProject
Project("{8BC9CEB8-8B4A-11D0-8D11-00A0C91BC942}") = "DemoWin11", "DemoWin11\DemoWin11.vcxproj", "{108B2D65-3364-4162-B44B-C27E113DFDCC}"
EndProject
Project("{8BC9CEB8-8B4A-11D0-8D11-00A0C91BC942}") = "DemoWin12", "DemoWin12\DemoWin12.vcxproj", "{EB321D79-66AA-46B4-B20B-2279E5728298}"
EndProject
Project("{8BC9CEB8-8B4A-11D0-8D11-00A0C91BC942}") = "DemoWin13", "DemoWin13\DemoWin13.vcxproj", "{8CBB554B-8172-4EE1-BCAF-487749198491}"
EndProject
Project("{8BC9CEB8-8B4A-11D0-8D11-00A0C91BC942}") = "DemoWin14", "DemoWin14\DemoWin14.vcxproj", "{BB3BEC1F-2F45-4A8C-9173-2C39E057B887}"
EndProject
Project("{8BC9CEB8-8B4A-11D0-8D11-00A0C91BC942}") = "DemoWin15", "DemoWin15\DemoWin15.vcxproj", "{19889FF8-E5D5-4BAD-B1BC-11457DBB8D4C}"
EndProject
Project("{8BC9CEB8-8B4A-11D0-8D11-00A0C91BC942}") = "DemoWin16", "DemoWin16\DemoWin16.vcxproj", "{1D7C54A6-89F3-4973-B83D-50CD33CB9899}"
EndProject
Project("{8BC9CEB8-8B4A-11D0-8D11-00A0C91BC942}") = "DemoWin17", "DemoWin17\DemoWin17.vcxproj", "{B0F4C539-0DA9-453E-BD51-8C99FF3E164C}"
EndProject
Project("{8BC9CEB8-8B4A-11D0-8D11-00A0C91BC942}") = "DemoWin18", "DemoWin18\DemoWin18.vcxproj", "{8957A827-396D-46B7-B5F0-10D47BF24D47}"
EndProject
Project("{8BC9CEB8-8B4A-11D0-8D11-00A0C91BC942}") = "DemoWin19", "DemoWin19\DemoWin19.vcxproj", "{5440CB21-C611-495E-AB64-1C9E34A9400C}"
EndProject
Project("{8BC9CEB8-8B4A-11D0-8D11-00A0C91BC942}") = "DemoDll01", "DemoDll01\DemoDll01.vcxproj", "{8C628AFD-1E53-4C92-9AE5-798A07FF2D50}"
EndProject
Project("{8BC9CEB8-8B4A-11D0-8D11-00A0C91BC942}") = "DemoService01", "DemoService01\DemoService01.vcxproj", "{86995CE2-93D0-4344-B223-E7EE4ABFC0A3}"
EndProject
Project("{8BC9CEB8-8B4A-11D0-8D11-00A0C91BC942}") = "DemoService02", "DemoService02\DemoService02.vcxproj", "{71022B9D-E7F7-4F85-92A1-FE2DAE73C860}"
EndProject
Project("{8BC9CEB8-8B4A-11D0-8D11-00A0C91BC942}") = "DemoWin20", "DemoWin20\DemoWin20.vcxproj", "{83E5073E-FBDF-4DCA-9A53-B606CFC951F0}"
EndProject
Project("{8BC9CEB8-8B4A-11D0-8D11-00A0C91BC942}") = "DemoMFC07", "DemoMFC07\DemoMFC07.vcxproj", "{B1326F3A-E6BB-4017-AF00-FEFC10A21E08}"
EndProject
Global
	GlobalSection(SolutionConfigurationPlatforms) = preSolution
		Debug|x64 = Debug|x64
		Debug|x86 = Debug|x86
		Release|x64 = Release|x64
		Release|x86 = Release|x86
	EndGlobalSection
	GlobalSection(ProjectConfigurationPlatforms) = postSolution
		{E4410D51-9213-483E-BB0E-F279F8551EAF}.Debug|x64.ActiveCfg = Debug|x64
		{E4410D51-9213-483E-BB0E-F279F8551EAF}.Debug|x64.Build.0 = Debug|x64
		{E4410D51-9213-483E-BB0E-F279F8551EAF}.Debug|x86.ActiveCfg = Debug|Win32
		{E4410D51-9213-483E-BB0E-F279F8551EAF}.Debug|x86.Build.0 = Debug|Win32
		{E4410D51-9213-483E-BB0E-F279F8551EAF}.Release|x64.ActiveCfg = Release|x64
		{E4410D51-9213-483E-BB0E-F279F8551EAF}.Release|x64.Build.0 = Release|x64
		{E4410D51-9213-483E-BB0E-F279F8551EAF}.Release|x86.ActiveCfg = Release|Win32
		{E4410D51-9213-483E-BB0E-F279F8551EAF}.Release|x86.Build.0 = Release|Win32
		{2E84092D-8832-457C-8D8D-348CAB34593C}.Debug|x64.ActiveCfg = Debug|x64
		{2E84092D-8832-457C-8D8D-348CAB34593C}.Debug|x64.Build.0 = Debug|x64
		{2E84092D-8832-457C-8D8D-348CAB34593C}.Debug|x86.ActiveCfg = Debug|Win32
		{2E84092D-8832-457C-8D8D-348CAB34593C}.Debug|x86.Build.0 = Debug|Win32
		{2E84092D-8832-457C-8D8D-348CAB34593C}.Release|x64.ActiveCfg = Release|x64
		{2E84092D-8832-457C-8D8D-348CAB34593C}.Release|x64.Build.0 = Release|x64
		{2E84092D-8832-457C-8D8D-348CAB34593C}.Release|x86.ActiveCfg = Release|Win32
		{2E84092D-8832-457C-8D8D-348CAB34593C}.Release|x86.Build.0 = Release|Win32
		{D25F4E19-EF2A-4123-9C83-4E58C7CCD52F}.Debug|x64.ActiveCfg = Debug|x64
		{D25F4E19-EF2A-4123-9C83-4E58C7CCD52F}.Debug|x64.Build.0 = Debug|x64
		{D25F4E19-EF2A-4123-9C83-4E58C7CCD52F}.Debug|x86.ActiveCfg = Debug|Win32
		{D25F4E19-EF2A-4123-9C83-4E58C7CCD52F}.Debug|x86.Build.0 = Debug|Win32
		{D25F4E19-EF2A-4123-9C83-4E58C7CCD52F}.Release|x64.ActiveCfg = Release|x64
		{D25F4E19-EF2A-4123-9C83-4E58C7CCD52F}.Release|x64.Build.0 = Release|x64
		{D25F4E19-EF2A-4123-9C83-4E58C7CCD52F}.Release|x86.ActiveCfg = Release|Win32
		{D25F4E19-EF2A-4123-9C83-4E58C7CCD52F}.Release|x86.Build.0 = Release|Win32
		{28D8BE7F-A212-4EDB-B84A-45385E60F8A1}.Debug|x64.ActiveCfg = Debug|x64
		{28D8BE7F-A212-4EDB-B84A-45385E60F8A1}.Debug|x64.Build.0 = Debug|x64
		{28D8BE7F-A212-4EDB-B84A-45385E60F8A1}.Debug|x86.ActiveCfg = Debug|Win32
		{28D8BE7F-A212-4EDB-B84A-45385E60F8A1}.Debug|x86.Build.0 = Debug|Win32
		{28D8BE7F-A212-4EDB-B84A-45385E60F8A1}.Release|x64.ActiveCfg = Release|x64
		{28D8BE7F-A212-4EDB-B84A-45385E60F8A1}.Release|x64.Build.0 = Release|x64
		{28D8BE7F-A212-4EDB-B84A-45385E60F8A1}.Release|x86.ActiveCfg = Release|Win32
		{28D8BE7F-A212-4EDB-B84A-45385E60F8A1}.Release|x86.Build.0 = Release|Win32
		{7911186A-6AAE-43D5-A100-D484D4BC786C}.Debug|x64.ActiveCfg = Debug|x64
		{7911186A-6AAE-43D5-A100-D484D4BC786C}.Debug|x64.Build.0 = Debug|x64
		{7911186A-6AAE-43D5-A100-D484D4BC786C}.Debug|x86.ActiveCfg = Debug|Win32
		{7911186A-6AAE-43D5-A100-D484D4BC786C}.Debug|x86.Build.0 = Debug|Win32
		{7911186A-6AAE-43D5-A100-D484D4BC786C}.Release|x64.ActiveCfg = Release|x64
		{7911186A-6AAE-43D5-A100-D484D4BC786C}.Release|x64.Build.0 = Release|x64
		{7911186A-6AAE-43D5-A100-D484D4BC786C}.Release|x86.ActiveCfg = Release|Win32
		{7911186A-6AAE-43D5-A100-D484D4BC786C}.Release|x86.Build.0 = Release|Win32
		{B5738219-7EBB-4174-AC4F-4E9B198A9B71}.Debug|x64.ActiveCfg = Debug|x64
		{B5738219-7EBB-4174-AC4F-4E9B198A9B71}.Debug|x64.Build.0 = Debug|x64
		{B5738219-7EBB-4174-AC4F-4E9B198A9B71}.Debug|x86.ActiveCfg = Debug|Win32
		{B5738219-7EBB-4174-AC4F-4E9B198A9B71}.Debug|x86.Build.0 = Debug|Win32
		{B5738219-7EBB-4174-AC4F-4E9B198A9B71}.Release|x64.ActiveCfg = Release|x64
		{B5738219-7EBB-4174-AC4F-4E9B198A9B71}.Release|x64.Build.0 = Release|x64
		{B5738219-7EBB-4174-AC4F-4E9B198A9B71}.Release|x86.ActiveCfg = Release|Win32
		{B5738219-7EBB-4174-AC4F-4E9B198A9B71}.Release|x86.Build.0 = Release|Win32
		{0D73EF37-E69D-46A3-AA00-1D00EFC8FAE0}.Debug|x64.ActiveCfg = Debug|x64
		{0D73EF37-E69D-46A3-AA00-1D00EFC8FAE0}.Debug|x64.Build.0 = Debug|x64
		{0D73EF37-E69D-46A3-AA00-1D00EFC8FAE0}.Debug|x86.ActiveCfg = Debug|Win32
		{0D73EF37-E69D-46A3-AA00-1D00EFC8FAE0}.Debug|x86.Build.0 = Debug|Win32
		{0D73EF37-E69D-46A3-AA00-1D00EFC8FAE0}.Release|x64.ActiveCfg = Release|x64
		{0D73EF37-E69D-46A3-AA00-1D00EFC8FAE0}.Release|x64.Build.0 = Release|x64
		{0D73EF37-E69D-46A3-AA00-1D00EFC8FAE0}.Release|x86.ActiveCfg = Release|Win32
		{0D73EF37-E69D-46A3-AA00-1D00EFC8FAE0}.Release|x86.Build.0 = Release|Win32
		{C250E0E3-F516-483B-B2B3-2F0DA5A6F220}.Debug|x64.ActiveCfg = Debug|x64
		{C250E0E3-F516-483B-B2B3-2F0DA5A6F220}.Debug|x64.Build.0 = Debug|x64
		{C250E0E3-F516-483B-B2B3-2F0DA5A6F220}.Debug|x86.ActiveCfg = Debug|Win32
		{C250E0E3-F516-483B-B2B3-2F0DA5A6F220}.Debug|x86.Build.0 = Debug|Win32
		{C250E0E3-F516-483B-B2B3-2F0DA5A6F220}.Release|x64.ActiveCfg = Release|x64
		{C250E0E3-F516-483B-B2B3-2F0DA5A6F220}.Release|x64.Build.0 = Release|x64
		{C250E0E3-F516-483B-B2B3-2F0DA5A6F220}.Release|x86.ActiveCfg = Release|Win32
		{C250E0E3-F516-483B-B2B3-2F0DA5A6F220}.Release|x86.Build.0 = Release|Win32
		{E9F1446B-8511-425C-927A-D6BD785DB6E7}.Debug|x64.ActiveCfg = Debug|x64
		{E9F1446B-8511-425C-927A-D6BD785DB6E7}.Debug|x64.Build.0 = Debug|x64
		{E9F1446B-8511-425C-927A-D6BD785DB6E7}.Debug|x86.ActiveCfg = Debug|Win32
		{E9F1446B-8511-425C-927A-D6BD785DB6E7}.Debug|x86.Build.0 = Debug|Win32
		{E9F1446B-8511-425C-927A-D6BD785DB6E7}.Release|x64.ActiveCfg = Release|x64
		{E9F1446B-8511-425C-927A-D6BD785DB6E7}.Release|x64.Build.0 = Release|x64
		{E9F1446B-8511-425C-927A-D6BD785DB6E7}.Release|x86.ActiveCfg = Release|Win32
		{E9F1446B-8511-425C-927A-D6BD785DB6E7}.Release|x86.Build.0 = Release|Win32
		{81FE8515-B4F1-43DA-B682-E6C0C2E13B51}.Debug|x64.ActiveCfg = Debug|x64
		{81FE8515-B4F1-43DA-B682-E6C0C2E13B51}.Debug|x64.Build.0 = Debug|x64
		{81FE8515-B4F1-43DA-B682-E6C0C2E13B51}.Debug|x86.ActiveCfg = Debug|Win32
		{81FE8515-B4F1-43DA-B682-E6C0C2E13B51}.Debug|x86.Build.0 = Debug|Win32
		{81FE8515-B4F1-43DA-B682-E6C0C2E13B51}.Release|x64.ActiveCfg = Release|x64
		{81FE8515-B4F1-43DA-B682-E6C0C2E13B51}.Release|x64.Build.0 = Release|x64
		{81FE8515-B4F1-43DA-B682-E6C0C2E13B51}.Release|x86.ActiveCfg = Release|Win32
		{81FE8515-B4F1-43DA-B682-E6C0C2E13B51}.Release|x86.Build.0 = Release|Win32
		{AC075367-E862-4440-B692-C75BF5B180A7}.Debug|x64.ActiveCfg = Debug|x64
		{AC075367-E862-4440-B692-C75BF5B180A7}.Debug|x64.Build.0 = Debug|x64
		{AC075367-E862-4440-B692-C75BF5B180A7}.Debug|x86.ActiveCfg = Debug|Win32
		{AC075367-E862-4440-B692-C75BF5B180A7}.Debug|x86.Build.0 = Debug|Win32
		{AC075367-E862-4440-B692-C75BF5B180A7}.Release|x64.ActiveCfg = Release|x64
		{AC075367-E862-4440-B692-C75BF5B180A7}.Release|x64.Build.0 = Release|x64
		{AC075367-E862-4440-B692-C75BF5B180A7}.Release|x86.ActiveCfg = Release|Win32
		{AC075367-E862-4440-B692-C75BF5B180A7}.Release|x86.Build.0 = Release|Win32
		{87324C19-F8DA-423D-9FA3-078B12A050CD}.Debug|x64.ActiveCfg = Debug|x64
		{87324C19-F8DA-423D-9FA3-078B12A050CD}.Debug|x64.Build.0 = Debug|x64
		{87324C19-F8DA-423D-9FA3-078B12A050CD}.Debug|x86.ActiveCfg = Debug|Win32
		{87324C19-F8DA-423D-9FA3-078B12A050CD}.Debug|x86.Build.0 = Debug|Win32
		{87324C19-F8DA-423D-9FA3-078B12A050CD}.Release|x64.ActiveCfg = Release|x64
		{87324C19-F8DA-423D-9FA3-078B12A050CD}.Release|x64.Build.0 = Release|x64
		{87324C19-F8DA-423D-9FA3-078B12A050CD}.Release|x86.ActiveCfg = Release|Win32
		{87324C19-F8DA-423D-9FA3-078B12A050CD}.Release|x86.Build.0 = Release|Win32
		{F23D40A8-0414-4E99-AB2C-922BA374F7C4}.Debug|x64.ActiveCfg = Debug|x64
		{F23D40A8-0414-4E99-AB2C-922BA374F7C4}.Debug|x64.Build.0 = Debug|x64
		{F23D40A8-0414-4E99-AB2C-922BA374F7C4}.Debug|x86.ActiveCfg = Debug|Win32
		{F23D40A8-0414-4E99-AB2C-922BA374F7C4}.Debug|x86.Build.0 = Debug|Win32
		{F23D40A8-0414-4E99-AB2C-922BA374F7C4}.Release|x64.ActiveCfg = Release|x64
		{F23D40A8-0414-4E99-AB2C-922BA374F7C4}.Release|x64.Build.0 = Release|x64
		{F23D40A8-0414-4E99-AB2C-922BA374F7C4}.Release|x86.ActiveCfg = Release|Win32
		{F23D40A8-0414-4E99-AB2C-922BA374F7C4}.Release|x86.Build.0 = Release|Win32
		{88A3AE00-8CF3-4A97-BAFE-AF178275B0BD}.Debug|x64.ActiveCfg = Debug|x64
		{88A3AE00-8CF3-4A97-BAFE-AF178275B0BD}.Debug|x64.Build.0 = Debug|x64
		{88A3AE00-8CF3-4A97-BAFE-AF178275B0BD}.Debug|x86.ActiveCfg = Debug|Win32
		{88A3AE00-8CF3-4A97-BAFE-AF178275B0BD}.Debug|x86.Build.0 = Debug|Win32
		{88A3AE00-8CF3-4A97-BAFE-AF178275B0BD}.Release|x64.ActiveCfg = Release|x64
		{88A3AE00-8CF3-4A97-BAFE-AF178275B0BD}.Release|x64.Build.0 = Release|x64
		{88A3AE00-8CF3-4A97-BAFE-AF178275B0BD}.Release|x86.ActiveCfg = Release|Win32
		{88A3AE00-8CF3-4A97-BAFE-AF178275B0BD}.Release|x86.Build.0 = Release|Win32
		{AD7C5300-53B7-415A-ADDC-BA7D5406C121}.Debug|x64.ActiveCfg = Debug|x64
		{AD7C5300-53B7-415A-ADDC-BA7D5406C121}.Debug|x64.Build.0 = Debug|x64
		{AD7C5300-53B7-415A-ADDC-BA7D5406C121}.Debug|x86.ActiveCfg = Debug|Win32
		{AD7C5300-53B7-415A-ADDC-BA7D5406C121}.Debug|x86.Build.0 = Debug|Win32
		{AD7C5300-53B7-415A-ADDC-BA7D5406C121}.Release|x64.ActiveCfg = Release|x64
		{AD7C5300-53B7-415A-ADDC-BA7D5406C121}.Release|x64.Build.0 = Release|x64
		{AD7C5300-53B7-415A-ADDC-BA7D5406C121}.Release|x86.ActiveCfg = Release|Win32
		{AD7C5300-53B7-415A-ADDC-BA7D5406C121}.Release|x86.Build.0 = Release|Win32
		{D7460121-72E0-4323-AC7D-1614F8083B04}.Debug|x64.ActiveCfg = Debug|x64
		{D7460121-72E0-4323-AC7D-1614F8083B04}.Debug|x64.Build.0 = Debug|x64
		{D7460121-72E0-4323-AC7D-1614F8083B04}.Debug|x86.ActiveCfg = Debug|Win32
		{D7460121-72E0-4323-AC7D-1614F8083B04}.Debug|x86.Build.0 = Debug|Win32
		{D7460121-72E0-4323-AC7D-1614F8083B04}.Release|x64.ActiveCfg = Release|x64
		{D7460121-72E0-4323-AC7D-1614F8083B04}.Release|x64.Build.0 = Release|x64
		{D7460121-72E0-4323-AC7D-1614F8083B04}.Release|x86.ActiveCfg = Release|Win32
		{D7460121-72E0-4323-AC7D-1614F8083B04}.Release|x86.Build.0 = Release|Win32
		{CE40034A-AD4F-4817-8531-A98C12FC7127}.Debug|x64.ActiveCfg = Debug|x64
		{CE40034A-AD4F-4817-8531-A98C12FC7127}.Debug|x64.Build.0 = Debug|x64
		{CE40034A-AD4F-4817-8531-A98C12FC7127}.Debug|x86.ActiveCfg = Debug|Win32
		{CE40034A-AD4F-4817-8531-A98C12FC7127}.Debug|x86.Build.0 = Debug|Win32
		{CE40034A-AD4F-4817-8531-A98C12FC7127}.Release|x64.ActiveCfg = Release|x64
		{CE40034A-AD4F-4817-8531-A98C12FC7127}.Release|x64.Build.0 = Release|x64
		{CE40034A-AD4F-4817-8531-A98C12FC7127}.Release|x86.ActiveCfg = Release|Win32
		{CE40034A-AD4F-4817-8531-A98C12FC7127}.Release|x86.Build.0 = Release|Win32
		{DF3158AB-DC1D-46CB-A49C-79EB5E63EAFF}.Debug|x64.ActiveCfg = Debug|x64
		{DF3158AB-DC1D-46CB-A49C-79EB5E63EAFF}.Debug|x64.Build.0 = Debug|x64
		{DF3158AB-DC1D-46CB-A49C-79EB5E63EAFF}.Debug|x86.ActiveCfg = Debug|Win32
		{DF3158AB-DC1D-46CB-A49C-79EB5E63EAFF}.Debug|x86.Build.0 = Debug|Win32
		{DF3158AB-DC1D-46CB-A49C-79EB5E63EAFF}.Release|x64.ActiveCfg = Release|x64
		{DF3158AB-DC1D-46CB-A49C-79EB5E63EAFF}.Release|x64.Build.0 = Release|x64
		{DF3158AB-DC1D-46CB-A49C-79EB5E63EAFF}.Release|x86.ActiveCfg = Release|Win32
		{DF3158AB-DC1D-46CB-A49C-79EB5E63EAFF}.Release|x86.Build.0 = Release|Win32
		{108B2D65-3364-4162-B44B-C27E113DFDCC}.Debug|x64.ActiveCfg = Debug|x64
		{108B2D65-3364-4162-B44B-C27E113DFDCC}.Debug|x64.Build.0 = Debug|x64
		{108B2D65-3364-4162-B44B-C27E113DFDCC}.Debug|x86.ActiveCfg = Debug|Win32
		{108B2D65-3364-4162-B44B-C27E113DFDCC}.Debug|x86.Build.0 = Debug|Win32
		{108B2D65-3364-4162-B44B-C27E113DFDCC}.Release|x64.ActiveCfg = Release|x64
		{108B2D65-3364-4162-B44B-C27E113DFDCC}.Release|x64.Build.0 = Release|x64
		{108B2D65-3364-4162-B44B-C27E113DFDCC}.Release|x86.ActiveCfg = Release|Win32
		{108B2D65-3364-4162-B44B-C27E113DFDCC}.Release|x86.Build.0 = Release|Win32
		{EB321D79-66AA-46B4-B20B-2279E5728298}.Debug|x64.ActiveCfg = Debug|x64
		{EB321D79-66AA-46B4-B20B-2279E5728298}.Debug|x64.Build.0 = Debug|x64
		{EB321D79-66AA-46B4-B20B-2279E5728298}.Debug|x86.ActiveCfg = Debug|Win32
		{EB321D79-66AA-46B4-B20B-2279E5728298}.Debug|x86.Build.0 = Debug|Win32
		{EB321D79-66AA-46B4-B20B-2279E5728298}.Release|x64.ActiveCfg = Release|x64
		{EB321D79-66AA-46B4-B20B-2279E5728298}.Release|x64.Build.0 = Release|x64
		{EB321D79-66AA-46B4-B20B-2279E5728298}.Release|x86.ActiveCfg = Release|Win32
		{EB321D79-66AA-46B4-B20B-2279E5728298}.Release|x86.Build.0 = Release|Win32
		{8CBB554B-8172-4EE1-BCAF-487749198491}.Debug|x64.ActiveCfg = Debug|x64
		{8CBB554B-8172-4EE1-BCAF-487749198491}.Debug|x64.Build.0 = Debug|x64
		{8CBB554B-8172-4EE1-BCAF-487749198491}.Debug|x86.ActiveCfg = Debug|Win32
		{8CBB554B-8172-4EE1-BCAF-487749198491}.Debug|x86.Build.0 = Debug|Win32
		{8CBB554B-8172-4EE1-BCAF-487749198491}.Release|x64.ActiveCfg = Release|x64
		{8CBB554B-8172-4EE1-BCAF-487749198491}.Release|x64.Build.0 = Release|x64
		{8CBB554B-8172-4EE1-BCAF-487749198491}.Release|x86.ActiveCfg = Release|Win32
		{8CBB554B-8172-4EE1-BCAF-487749198491}.Release|x86.Build.0 = Release|Win32
		{BB3BEC1F-2F45-4A8C-9173-2C39E057B887}.Debug|x64.ActiveCfg = Debug|x64
		{BB3BEC1F-2F45-4A8C-9173-2C39E057B887}.Debug|x64.Build.0 = Debug|x64
		{BB3BEC1F-2F45-4A8C-9173-2C39E057B887}.Debug|x86.ActiveCfg = Debug|Win32
		{BB3BEC1F-2F45-4A8C-9173-2C39E057B887}.Debug|x86.Build.0 = Debug|Win32
		{BB3BEC1F-2F45-4A8C-9173-2C39E057B887}.Release|x64.ActiveCfg = Release|x64
		{BB3BEC1F-2F45-4A8C-9173-2C39E057B887}.Release|x64.Build.0 = Release|x64
		{BB3BEC1F-2F45-4A8C-9173-2C39E057B887}.Release|x86.ActiveCfg = Release|Win32
		{BB3BEC1F-2F45-4A8C-9173-2C39E057B887}.Release|x86.Build.0 = Release|Win32
		{19889FF8-E5D5-4BAD-B1BC-11457DBB8D4C}.Debug|x64.ActiveCfg = Debug|x64
		{19889FF8-E5D5-4BAD-B1BC-11457DBB8D4C}.Debug|x64.Build.0 = Debug|x64
		{19889FF8-E5D5-4BAD-B1BC-11457DBB8D4C}.Debug|x86.ActiveCfg = Debug|Win32
		{19889FF8-E5D5-4BAD-B1BC-11457DBB8D4C}.Debug|x86.Build.0 = Debug|Win32
		{19889FF8-E5D5-4BAD-B1BC-11457DBB8D4C}.Release|x64.ActiveCfg = Release|x64
		{19889FF8-E5D5-4BAD-B1BC-11457DBB8D4C}.Release|x64.Build.0 = Release|x64
		{19889FF8-E5D5-4BAD-B1BC-11457DBB8D4C}.Release|x86.ActiveCfg = Release|Win32
		{19889FF8-E5D5-4BAD-B1BC-11457DBB8D4C}.Release|x86.Build.0 = Release|Win32
		{1D7C54A6-89F3-4973-B83D-50CD33CB9899}.Debug|x64.ActiveCfg = Debug|x64
		{1D7C54A6-89F3-4973-B83D-50CD33CB9899}.Debug|x64.Build.0 = Debug|x64
		{1D7C54A6-89F3-4973-B83D-50CD33CB9899}.Debug|x86.ActiveCfg = Debug|Win32
		{1D7C54A6-89F3-4973-B83D-50CD33CB9899}.Debug|x86.Build.0 = Debug|Win32
		{1D7C54A6-89F3-4973-B83D-50CD33CB9899}.Release|x64.ActiveCfg = Release|x64
		{1D7C54A6-89F3-4973-B83D-50CD33CB9899}.Release|x64.Build.0 = Release|x64
		{1D7C54A6-89F3-4973-B83D-50CD33CB9899}.Release|x86.ActiveCfg = Release|Win32
		{1D7C54A6-89F3-4973-B83D-50CD33CB9899}.Release|x86.Build.0 = Release|Win32
		{B0F4C539-0DA9-453E-BD51-8C99FF3E164C}.Debug|x64.ActiveCfg = Debug|x64
		{B0F4C539-0DA9-453E-BD51-8C99FF3E164C}.Debug|x64.Build.0 = Debug|x64
		{B0F4C539-0DA9-453E-BD51-8C99FF3E164C}.Debug|x86.ActiveCfg = Debug|Win32
		{B0F4C539-0DA9-453E-BD51-8C99FF3E164C}.Debug|x86.Build.0 = Debug|Win32
		{B0F4C539-0DA9-453E-BD51-8C99FF3E164C}.Release|x64.ActiveCfg = Release|x64
		{B0F4C539-0DA9-453E-BD51-8C99FF3E164C}.Release|x64.Build.0 = Release|x64
		{B0F4C539-0DA9-453E-BD51-8C99FF3E164C}.Release|x86.ActiveCfg = Release|Win32
		{B0F4C539-0DA9-453E-BD51-8C99FF3E164C}.Release|x86.Build.0 = Release|Win32
		{8957A827-396D-46B7-B5F0-10D47BF24D47}.Debug|x64.ActiveCfg = Debug|x64
		{8957A827-396D-46B7-B5F0-10D47BF24D47}.Debug|x64.Build.0 = Debug|x64
		{8957A827-396D-46B7-B5F0-10D47BF24D47}.Debug|x86.ActiveCfg = Debug|Win32
		{8957A827-396D-46B7-B5F0-10D47BF24D47}.Debug|x86.Build.0 = Debug|Win32
		{8957A827-396D-46B7-B5F0-10D47BF24D47}.Release|x64.ActiveCfg = Release|x64
		{8957A827-396D-46B7-B5F0-10D47BF24D47}.Release|x64.Build.0 = Release|x64
		{8957A827-396D-46B7-B5F0-10D47BF24D47}.Release|x86.ActiveCfg = Release|Win32
		{8957A827-396D-46B7-B5F0-10D47BF24D47}.Release|x86.Build.0 = Release|Win32
		{5440CB21-C611-495E-AB64-1C9E34A9400C}.Debug|x64.ActiveCfg = Debug|x64
		{5440CB21-C611-495E-AB64-1C9E34A9400C}.Debug|x64.Build.0 = Debug|x64
		{5440CB21-C611-495E-AB64-1C9E34A9400C}.Debug|x86.ActiveCfg = Debug|Win32
		{5440CB21-C611-495E-AB64-1C9E34A9400C}.Debug|x86.Build.0 = Debug|Win32
		{5440CB21-C611-495E-AB64-1C9E34A9400C}.Release|x64.ActiveCfg = Release|x64
		{5440CB21-C611-495E-AB64-1C9E34A9400C}.Release|x64.Build.0 = Release|x64
		{5440CB21-C611-495E-AB64-1C9E34A9400C}.Release|x86.ActiveCfg = Release|Win32
		{5440CB21-C611-495E-AB64-1C9E34A9400C}.Release|x86.Build.0 = Release|Win32
		{8C628AFD-1E53-4C92-9AE5-798A07FF2D50}.Debug|x64.ActiveCfg = Debug|x64
		{8C628AFD-1E53-4C92-9AE5-798A07FF2D50}.Debug|x64.Build.0 = Debug|x64
		{8C628AFD-1E53-4C92-9AE5-798A07FF2D50}.Debug|x86.ActiveCfg = Debug|Win32
		{8C628AFD-1E53-4C92-9AE5-798A07FF2D50}.Debug|x86.Build.0 = Debug|Win32
		{8C628AFD-1E53-4C92-9AE5-798A07FF2D50}.Release|x64.ActiveCfg = Release|x64
		{8C628AFD-1E53-4C92-9AE5-798A07FF2D50}.Release|x64.Build.0 = Release|x64
		{8C628AFD-1E53-4C92-9AE5-798A07FF2D50}.Release|x86.ActiveCfg = Release|Win32
		{8C628AFD-1E53-4C92-9AE5-798A07FF2D50}.Release|x86.Build.0 = Release|Win32
		{86995CE2-93D0-4344-B223-E7EE4ABFC0A3}.Debug|x64.ActiveCfg = Debug|x64
		{86995CE2-93D0-4344-B223-E7EE4ABFC0A3}.Debug|x64.Build.0 = Debug|x64
		{86995CE2-93D0-4344-B223-E7EE4ABFC0A3}.Debug|x86.ActiveCfg = Debug|Win32
		{86995CE2-93D0-4344-B223-E7EE4ABFC0A3}.Debug|x86.Build.0 = Debug|Win32
		{86995CE2-93D0-4344-B223-E7EE4ABFC0A3}.Release|x64.ActiveCfg = Release|x64
		{86995CE2-93D0-4344-B223-E7EE4ABFC0A3}.Release|x64.Build.0 = Release|x64
		{86995CE2-93D0-4344-B223-E7EE4ABFC0A3}.Release|x86.ActiveCfg = Release|Win32
		{86995CE2-93D0-4344-B223-E7EE4ABFC0A3}.Release|x86.Build.0 = Release|Win32
		{71022B9D-E7F7-4F85-92A1-FE2DAE73C860}.Debug|x64.ActiveCfg = Debug|x64
		{71022B9D-E7F7-4F85-92A1-FE2DAE73C860}.Debug|x64.Build.0 = Debug|x64
		{71022B9D-E7F7-4F85-92A1-FE2DAE73C860}.Debug|x86.ActiveCfg = Debug|Win32
		{71022B9D-E7F7-4F85-92A1-FE2DAE73C860}.Debug|x86.Build.0 = Debug|Win32
		{71022B9D-E7F7-4F85-92A1-FE2DAE73C860}.Release|x64.ActiveCfg = Release|x64
		{71022B9D-E7F7-4F85-92A1-FE2DAE73C860}.Release|x64.Build.0 = Release|x64
		{71022B9D-E7F7-4F85-92A1-FE2DAE73C860}.Release|x86.ActiveCfg = Release|Win32
		{71022B9D-E7F7-4F85-92A1-FE2DAE73C860}.Release|x86.Build.0 = Release|Win32
		{83E5073E-FBDF-4DCA-9A53-B606CFC951F0}.Debug|x64.ActiveCfg = Debug|x64
		{83E5073E-FBDF-4DCA-9A53-B606CFC951F0}.Debug|x64.Build.0 = Debug|x64
		{83E5073E-FBDF-4DCA-9A53-B606CFC951F0}.Debug|x86.ActiveCfg = Debug|Win32
		{83E5073E-FBDF-4DCA-9A53-B606CFC951F0}.Debug|x86.Build.0 = Debug|Win32
		{83E5073E-FBDF-4DCA-9A53-B606CFC951F0}.Release|x64.ActiveCfg = Release|x64
		{83E5073E-FBDF-4DCA-9A53-B606CFC951F0}.Release|x64.Build.0 = Release|x64
		{83E5073E-FBDF-4DCA-9A53-B606CFC951F0}.Release|x86.ActiveCfg = Release|Win32
		{83E5073E-FBDF-4DCA-9A53-B606CFC951F0}.Release|x86.Build.0 = Release|Win32
		{B1326F3A-E6BB-4017-AF00-FEFC10A21E08}.Debug|x64.ActiveCfg = Debug|x64
		{B1326F3A-E6BB-4017-AF00-FEFC10A21E08}.Debug|x64.Build.0 = Debug|x64
		{B1326F3A-E6BB-4017-AF00-FEFC10A21E08}.Debug|x86.ActiveCfg = Debug|Win32
		{B1326F3A-E6BB-4017-AF00-FEFC10A21E08}.Debug|x86.Build.0 = Debug|Win32
		{B1326F3A-E6BB-4017-AF00-FEFC10A21E08}.Release|x64.ActiveCfg = Release|x64
		{B1326F3A-E6BB-4017-AF00-FEFC10A21E08}.Release|x64.Build.0 = Release|x64
		{B1326F3A-E6BB-4017-AF00-FEFC10A21E08}.Release|x86.ActiveCfg = Release|Win32
		{B1326F3A-E6BB-4017-AF00-FEFC10A21E08}.Release|x86.Build.0 = Release|Win32
	EndGlobalSection
	GlobalSection(SolutionProperties) = preSolution
		HideSolutionNode = FALSE
	EndGlobalSection
	GlobalSection(ExtensibilityGlobals) = postSolution
		SolutionGuid = {D35EEF41-5F0D-4F9B-BA61-682A88A562D5}
	EndGlobalSection
EndGlobal
