
Microsoft Visual Studio Solution File, Format Version 12.00
# Visual Studio 15
VisualStudioVersion = 15.0.28307.902
MinimumVisualStudioVersion = 10.0.40219.1
Project("{8BC9CEB8-8B4A-11D0-8D11-00A0C91BC942}") = "WinAPI", "WinAPI\WinAPI.vcxproj", "{E4410D51-9213-483E-BB0E-F279F8551EAF}"
EndProject
Project("{8BC9CEB8-8B4A-11D0-8D11-00A0C91BC942}") = "Demo01", "Demo01\Demo01.vcxproj", "{2E84092D-8832-457C-8D8D-348CAB34593C}"
EndProject
Project("{8BC9CEB8-8B4A-11D0-8D11-00A0C91BC942}") = "DemoWin01", "DemoWin01\DemoWin01.vcxproj", "{D25F4E19-EF2A-4123-9C83-4E58C7CCD52F}"
EndProject
Project("{8BC9CEB8-8B4A-11D0-8D11-00A0C91BC942}") = "DemoWin02", "DemoWin02\DemoWin02.vcxproj", "{28D8BE7F-A212-4EDB-B84A-45385E60F8A1}"
EndProject
Project("{8BC9CEB8-8B4A-11D0-8D11-00A0C91BC942}") = "DemoMFC01", "DemoMFC01\DemoMFC01.vcxproj", "{7911186A-6AAE-43D5-A100-D484D4BC786C}"
EndProject
Project("{8BC9CEB8-8B4A-11D0-8D11-00A0C91BC942}") = "DemoMFC02", "DemoMFC02\DemoMFC02.vcxproj", "{B5738219-7EBB-4174-AC4F-4E9B198A9B71}"
EndProject
Global
	GlobalSection(SolutionConfigurationPlatforms) = preSolution
		Debug|x64 = Debug|x64
		Debug|x86 = Debug|x86
		Release|x64 = Release|x64
		Release|x86 = Release|x86
	EndGlobalSection
	GlobalSection(ProjectConfigurationPlatforms) = postSolution
		{E4410D51-9213-483E-BB0E-F279F8551EAF}.Debug|x64.ActiveCfg = Debug|x64
		{E4410D51-9213-483E-BB0E-F279F8551EAF}.Debug|x64.Build.0 = Debug|x64
		{E4410D51-9213-483E-BB0E-F279F8551EAF}.Debug|x86.ActiveCfg = Debug|Win32
		{E4410D51-9213-483E-BB0E-F279F8551EAF}.Debug|x86.Build.0 = Debug|Win32
		{E4410D51-9213-483E-BB0E-F279F8551EAF}.Release|x64.ActiveCfg = Release|x64
		{E4410D51-9213-483E-BB0E-F279F8551EAF}.Release|x64.Build.0 = Release|x64
		{E4410D51-9213-483E-BB0E-F279F8551EAF}.Release|x86.ActiveCfg = Release|Win32
		{E4410D51-9213-483E-BB0E-F279F8551EAF}.Release|x86.Build.0 = Release|Win32
		{2E84092D-8832-457C-8D8D-348CAB34593C}.Debug|x64.ActiveCfg = Debug|x64
		{2E84092D-8832-457C-8D8D-348CAB34593C}.Debug|x64.Build.0 = Debug|x64
		{2E84092D-8832-457C-8D8D-348CAB34593C}.Debug|x86.ActiveCfg = Debug|Win32
		{2E84092D-8832-457C-8D8D-348CAB34593C}.Debug|x86.Build.0 = Debug|Win32
		{2E84092D-8832-457C-8D8D-348CAB34593C}.Release|x64.ActiveCfg = Release|x64
		{2E84092D-8832-457C-8D8D-348CAB34593C}.Release|x64.Build.0 = Release|x64
		{2E84092D-8832-457C-8D8D-348CAB34593C}.Release|x86.ActiveCfg = Release|Win32
		{2E84092D-8832-457C-8D8D-348CAB34593C}.Release|x86.Build.0 = Release|Win32
		{D25F4E19-EF2A-4123-9C83-4E58C7CCD52F}.Debug|x64.ActiveCfg = Debug|x64
		{D25F4E19-EF2A-4123-9C83-4E58C7CCD52F}.Debug|x64.Build.0 = Debug|x64
		{D25F4E19-EF2A-4123-9C83-4E58C7CCD52F}.Debug|x86.ActiveCfg = Debug|Win32
		{D25F4E19-EF2A-4123-9C83-4E58C7CCD52F}.Debug|x86.Build.0 = Debug|Win32
		{D25F4E19-EF2A-4123-9C83-4E58C7CCD52F}.Release|x64.ActiveCfg = Release|x64
		{D25F4E19-EF2A-4123-9C83-4E58C7CCD52F}.Release|x64.Build.0 = Release|x64
		{D25F4E19-EF2A-4123-9C83-4E58C7CCD52F}.Release|x86.ActiveCfg = Release|Win32
		{D25F4E19-EF2A-4123-9C83-4E58C7CCD52F}.Release|x86.Build.0 = Release|Win32
		{28D8BE7F-A212-4EDB-B84A-45385E60F8A1}.Debug|x64.ActiveCfg = Debug|x64
		{28D8BE7F-A212-4EDB-B84A-45385E60F8A1}.Debug|x64.Build.0 = Debug|x64
		{28D8BE7F-A212-4EDB-B84A-45385E60F8A1}.Debug|x86.ActiveCfg = Debug|Win32
		{28D8BE7F-A212-4EDB-B84A-45385E60F8A1}.Debug|x86.Build.0 = Debug|Win32
		{28D8BE7F-A212-4EDB-B84A-45385E60F8A1}.Release|x64.ActiveCfg = Release|x64
		{28D8BE7F-A212-4EDB-B84A-45385E60F8A1}.Release|x64.Build.0 = Release|x64
		{28D8BE7F-A212-4EDB-B84A-45385E60F8A1}.Release|x86.ActiveCfg = Release|Win32
		{28D8BE7F-A212-4EDB-B84A-45385E60F8A1}.Release|x86.Build.0 = Release|Win32
		{7911186A-6AAE-43D5-A100-D484D4BC786C}.Debug|x64.ActiveCfg = Debug|x64
		{7911186A-6AAE-43D5-A100-D484D4BC786C}.Debug|x64.Build.0 = Debug|x64
		{7911186A-6AAE-43D5-A100-D484D4BC786C}.Debug|x86.ActiveCfg = Debug|Win32
		{7911186A-6AAE-43D5-A100-D484D4BC786C}.Debug|x86.Build.0 = Debug|Win32
		{7911186A-6AAE-43D5-A100-D484D4BC786C}.Release|x64.ActiveCfg = Release|x64
		{7911186A-6AAE-43D5-A100-D484D4BC786C}.Release|x64.Build.0 = Release|x64
		{7911186A-6AAE-43D5-A100-D484D4BC786C}.Release|x86.ActiveCfg = Release|Win32
		{7911186A-6AAE-43D5-A100-D484D4BC786C}.Release|x86.Build.0 = Release|Win32
		{B5738219-7EBB-4174-AC4F-4E9B198A9B71}.Debug|x64.ActiveCfg = Debug|x64
		{B5738219-7EBB-4174-AC4F-4E9B198A9B71}.Debug|x64.Build.0 = Debug|x64
		{B5738219-7EBB-4174-AC4F-4E9B198A9B71}.Debug|x86.ActiveCfg = Debug|Win32
		{B5738219-7EBB-4174-AC4F-4E9B198A9B71}.Debug|x86.Build.0 = Debug|Win32
		{B5738219-7EBB-4174-AC4F-4E9B198A9B71}.Release|x64.ActiveCfg = Release|x64
		{B5738219-7EBB-4174-AC4F-4E9B198A9B71}.Release|x64.Build.0 = Release|x64
		{B5738219-7EBB-4174-AC4F-4E9B198A9B71}.Release|x86.ActiveCfg = Release|Win32
		{B5738219-7EBB-4174-AC4F-4E9B198A9B71}.Release|x86.Build.0 = Release|Win32
	EndGlobalSection
	GlobalSection(SolutionProperties) = preSolution
		HideSolutionNode = FALSE
	EndGlobalSection
	GlobalSection(ExtensibilityGlobals) = postSolution
		SolutionGuid = {D35EEF41-5F0D-4F9B-BA61-682A88A562D5}
	EndGlobalSection
EndGlobal
