
Microsoft Visual Studio Solution File, Format Version 12.00
# Visual Studio 15
VisualStudioVersion = 15.0.28307.852
MinimumVisualStudioVersion = 10.0.40219.1
Project("{8BC9CEB8-8B4A-11D0-8D11-00A0C91BC942}") = "WindowProject", "WindowProject\WindowProject.vcxproj", "{6105243A-A7F5-4F28-ABEA-0CCB54B60069}"
EndProject
Project("{8BC9CEB8-8B4A-11D0-8D11-00A0C91BC942}") = "MouseAutoClick", "MouseAutoClick\MouseAutoClick.vcxproj", "{568A109B-2658-416B-810B-B6EB84BB3746}"
EndProject
Project("{8BC9CEB8-8B4A-11D0-8D11-00A0C91BC942}") = "DemoCPP", "DemoCPP\DemoCPP.vcxproj", "{C963F0B8-2649-49FA-A430-1BEBED73CA71}"
EndProject
Project("{8BC9CEB8-8B4A-11D0-8D11-00A0C91BC942}") = "DemoWinAPI", "DemoWinAPI\DemoWinAPI.vcxproj", "{ABA600CE-FBF5-42BB-B37E-4A32A9DC9489}"
EndProject
Global
	GlobalSection(SolutionConfigurationPlatforms) = preSolution
		Debug|x64 = Debug|x64
		Debug|x86 = Debug|x86
		Release|x64 = Release|x64
		Release|x86 = Release|x86
	EndGlobalSection
	GlobalSection(ProjectConfigurationPlatforms) = postSolution
		{6105243A-A7F5-4F28-ABEA-0CCB54B60069}.Debug|x64.ActiveCfg = Debug|x64
		{6105243A-A7F5-4F28-ABEA-0CCB54B60069}.Debug|x64.Build.0 = Debug|x64
		{6105243A-A7F5-4F28-ABEA-0CCB54B60069}.Debug|x86.ActiveCfg = Debug|Win32
		{6105243A-A7F5-4F28-ABEA-0CCB54B60069}.Debug|x86.Build.0 = Debug|Win32
		{6105243A-A7F5-4F28-ABEA-0CCB54B60069}.Release|x64.ActiveCfg = Release|x64
		{6105243A-A7F5-4F28-ABEA-0CCB54B60069}.Release|x64.Build.0 = Release|x64
		{6105243A-A7F5-4F28-ABEA-0CCB54B60069}.Release|x86.ActiveCfg = Release|Win32
		{6105243A-A7F5-4F28-ABEA-0CCB54B60069}.Release|x86.Build.0 = Release|Win32
		{568A109B-2658-416B-810B-B6EB84BB3746}.Debug|x64.ActiveCfg = Debug|x64
		{568A109B-2658-416B-810B-B6EB84BB3746}.Debug|x64.Build.0 = Debug|x64
		{568A109B-2658-416B-810B-B6EB84BB3746}.Debug|x86.ActiveCfg = Debug|Win32
		{568A109B-2658-416B-810B-B6EB84BB3746}.Debug|x86.Build.0 = Debug|Win32
		{568A109B-2658-416B-810B-B6EB84BB3746}.Release|x64.ActiveCfg = Release|x64
		{568A109B-2658-416B-810B-B6EB84BB3746}.Release|x64.Build.0 = Release|x64
		{568A109B-2658-416B-810B-B6EB84BB3746}.Release|x86.ActiveCfg = Release|Win32
		{568A109B-2658-416B-810B-B6EB84BB3746}.Release|x86.Build.0 = Release|Win32
		{C963F0B8-2649-49FA-A430-1BEBED73CA71}.Debug|x64.ActiveCfg = Debug|x64
		{C963F0B8-2649-49FA-A430-1BEBED73CA71}.Debug|x64.Build.0 = Debug|x64
		{C963F0B8-2649-49FA-A430-1BEBED73CA71}.Debug|x86.ActiveCfg = Debug|Win32
		{C963F0B8-2649-49FA-A430-1BEBED73CA71}.Debug|x86.Build.0 = Debug|Win32
		{C963F0B8-2649-49FA-A430-1BEBED73CA71}.Release|x64.ActiveCfg = Release|x64
		{C963F0B8-2649-49FA-A430-1BEBED73CA71}.Release|x64.Build.0 = Release|x64
		{C963F0B8-2649-49FA-A430-1BEBED73CA71}.Release|x86.ActiveCfg = Release|Win32
		{C963F0B8-2649-49FA-A430-1BEBED73CA71}.Release|x86.Build.0 = Release|Win32
		{ABA600CE-FBF5-42BB-B37E-4A32A9DC9489}.Debug|x64.ActiveCfg = Debug|x64
		{ABA600CE-FBF5-42BB-B37E-4A32A9DC9489}.Debug|x64.Build.0 = Debug|x64
		{ABA600CE-FBF5-42BB-B37E-4A32A9DC9489}.Debug|x86.ActiveCfg = Debug|Win32
		{ABA600CE-FBF5-42BB-B37E-4A32A9DC9489}.Debug|x86.Build.0 = Debug|Win32
		{ABA600CE-FBF5-42BB-B37E-4A32A9DC9489}.Release|x64.ActiveCfg = Release|x64
		{ABA600CE-FBF5-42BB-B37E-4A32A9DC9489}.Release|x64.Build.0 = Release|x64
		{ABA600CE-FBF5-42BB-B37E-4A32A9DC9489}.Release|x86.ActiveCfg = Release|Win32
		{ABA600CE-FBF5-42BB-B37E-4A32A9DC9489}.Release|x86.Build.0 = Release|Win32
	EndGlobalSection
	GlobalSection(SolutionProperties) = preSolution
		HideSolutionNode = FALSE
	EndGlobalSection
	GlobalSection(ExtensibilityGlobals) = postSolution
		SolutionGuid = {F6939807-643A-4302-BE3F-06C435811E64}
	EndGlobalSection
EndGlobal
